
Microsoft Visual Studio Solution File, Format Version 12.00
# Visual Studio Version 16
VisualStudioVersion = 16.0.29613.14
MinimumVisualStudioVersion = 10.0.40219.1
Project("{FAE04EC0-301F-11D3-BF4B-00C04F79EFBC}") = "SQLCompare", "SQLCompare\SQLCompare.csproj", "{BED519F5-7C5A-4BF6-A44E-D5B762AE45DA}"
EndProject
Global
	GlobalSection(SolutionConfigurationPlatforms) = preSolution
		Debug|Any CPU = Debug|Any CPU
		Release|Any CPU = Release|Any CPU
	EndGlobalSection
	GlobalSection(ProjectConfigurationPlatforms) = postSolution
		{BED519F5-7C5A-4BF6-A44E-D5B762AE45DA}.Debug|Any CPU.ActiveCfg = Debug|Any CPU
		{BED519F5-7C5A-4BF6-A44E-D5B762AE45DA}.Debug|Any CPU.Build.0 = Debug|Any CPU
		{BED519F5-7C5A-4BF6-A44E-D5B762AE45DA}.Release|Any CPU.ActiveCfg = Release|Any CPU
		{BED519F5-7C5A-4BF6-A44E-D5B762AE45DA}.Release|Any CPU.Build.0 = Release|Any CPU
	EndGlobalSection
	GlobalSection(SolutionProperties) = preSolution
		HideSolutionNode = FALSE
	EndGlobalSection
	GlobalSection(ExtensibilityGlobals) = postSolution
		SolutionGuid = {27A44662-7200-42D1-AE67-9787EB1A5142}
	EndGlobalSection
EndGlobal
